
Microsoft Visual Studio Solution File, Format Version 12.00
# Visual Studio 15
VisualStudioVersion = 15.0.28307.421
MinimumVisualStudioVersion = 10.0.40219.1
Project("{FAE04EC0-301F-11D3-BF4B-00C04F79EFBC}") = "ConsoleApp1", "ConsoleApp1\ConsoleApp1.csproj", "{655C9C8C-605E-417B-BDDB-21D37FA69398}"
EndProject
Global
	GlobalSection(SolutionConfigurationPlatforms) = preSolution
		Debug|Any CPU = Debug|Any CPU
		Release|Any CPU = Release|Any CPU
	EndGlobalSection
	GlobalSection(ProjectConfigurationPlatforms) = postSolution
		{655C9C8C-605E-417B-BDDB-21D37FA69398}.Debug|Any CPU.ActiveCfg = Debug|Any CPU
		{655C9C8C-605E-417B-BDDB-21D37FA69398}.Debug|Any CPU.Build.0 = Debug|Any CPU
		{655C9C8C-605E-417B-BDDB-21D37FA69398}.Release|Any CPU.ActiveCfg = Release|Any CPU
		{655C9C8C-605E-417B-BDDB-21D37FA69398}.Release|Any CPU.Build.0 = Release|Any CPU
	EndGlobalSection
	GlobalSection(SolutionProperties) = preSolution
		HideSolutionNode = FALSE
	EndGlobalSection
	GlobalSection(ExtensibilityGlobals) = postSolution
		SolutionGuid = {A3FAF401-A6ED-4A28-A377-0CFC0651D66F}
	EndGlobalSection
EndGlobal
